
Microsoft Visual Studio Solution File, Format Version 12.00
# Visual Studio Version 17
VisualStudioVersion = 17.1.32407.343
MinimumVisualStudioVersion = 10.0.40219.1
Project("{FAE04EC0-301F-11D3-BF4B-00C04F79EFBC}") = "NetworkTrafficKiller", "NetworkTrafficKiller\NetworkTrafficKiller.csproj", "{8FC21881-5AAB-42C1-A443-F5B786BE22A8}"
EndProject
Project("{2150E333-8FDC-42A3-9474-1A3956D46DE8}") = "Solution Items", "Solution Items", "{4AC973DF-26B1-4943-A5B1-CAA68ADB285E}"
	ProjectSection(SolutionItems) = preProject
		.editorconfig = .editorconfig
	EndProjectSection
EndProject
Global
	GlobalSection(SolutionConfigurationPlatforms) = preSolution
		Debug|Any CPU = Debug|Any CPU
		Release|Any CPU = Release|Any CPU
	EndGlobalSection
	GlobalSection(ProjectConfigurationPlatforms) = postSolution
		{8FC21881-5AAB-42C1-A443-F5B786BE22A8}.Debug|Any CPU.ActiveCfg = Debug|Any CPU
		{8FC21881-5AAB-42C1-A443-F5B786BE22A8}.Debug|Any CPU.Build.0 = Debug|Any CPU
		{8FC21881-5AAB-42C1-A443-F5B786BE22A8}.Release|Any CPU.ActiveCfg = Release|Any CPU
		{8FC21881-5AAB-42C1-A443-F5B786BE22A8}.Release|Any CPU.Build.0 = Release|Any CPU
	EndGlobalSection
	GlobalSection(SolutionProperties) = preSolution
		HideSolutionNode = FALSE
	EndGlobalSection
	GlobalSection(ExtensibilityGlobals) = postSolution
		SolutionGuid = {EF094091-B373-47CA-A2F7-218A20F76013}
	EndGlobalSection
EndGlobal
